
Microsoft Visual Studio Solution File, Format Version 12.00
# Visual Studio Version 17
VisualStudioVersion = 17.0.32126.317
MinimumVisualStudioVersion = 10.0.40219.1
Project("{2150E333-8FDC-42A3-9474-1A3956D46DE8}") = "Shared", "Shared", "{C71B55C7-74FA-4216-961B-C51E6F7BFDE3}"
	ProjectSection(SolutionItems) = preProject
		Shared\AutomationBase.cs = Shared\AutomationBase.cs
		Shared\ExtractedBOM.cs = Shared\ExtractedBOM.cs
		Shared\InventorParameters.cs = Shared\InventorParameters.cs
		Shared\Message.cs = Shared\Message.cs
	EndProjectSection
EndProject
Project("{2150E333-8FDC-42A3-9474-1A3956D46DE8}") = "AppBundles", "AppBundles", "{B22033E4-9CB2-46E5-A9B2-B99C1B4C0326}"
EndProject
Project("{9A19103F-16F7-4668-BE54-9A1E7A4F7556}") = "webapplication", "webapplication\webapplication.csproj", "{13D82DC1-617C-4ACF-A483-B47600DE89B5}"
EndProject
Project("{9A19103F-16F7-4668-BE54-9A1E7A4F7556}") = "webapplication.tests", "WebApplication.Tests\webapplication.tests.csproj", "{3062CF0E-7C06-4693-827A-3CF0D9B917B5}"
EndProject
Project("{FAE04EC0-301F-11D3-BF4B-00C04F79EFBC}") = "CreateSVFPlugin", "AppBundles\CreateSVFPlugin\CreateSVFPlugin.csproj", "{B5611651-E1E1-482F-8C7E-21A11EFCAAC7}"
EndProject
Project("{FAE04EC0-301F-11D3-BF4B-00C04F79EFBC}") = "CreateThumbnailPlugin", "AppBundles\CreateThumbnailPlugin\CreateThumbnailPlugin.csproj", "{252345E9-7631-43E9-BEF4-959037AC2A5E}"
EndProject
Project("{FAE04EC0-301F-11D3-BF4B-00C04F79EFBC}") = "DataCheckerPlugin", "AppBundles\DataCheckerPlugin\DataCheckerPlugin.csproj", "{EB3C5EA6-26EC-44D2-90B3-08929CE9D6DE}"
EndProject
Project("{FAE04EC0-301F-11D3-BF4B-00C04F79EFBC}") = "EmptyExePlugin", "AppBundles\EmptyExePlugin\EmptyExePlugin.csproj", "{6C4C70D3-66C1-408F-B332-D57F685B081C}"
EndProject
Project("{FAE04EC0-301F-11D3-BF4B-00C04F79EFBC}") = "ExportBOMPlugin", "AppBundles\ExportBOMPlugin\ExportBOMPlugin.csproj", "{44631F33-F8E1-44DC-90E7-4CBEA85DB2F6}"
EndProject
Project("{FAE04EC0-301F-11D3-BF4B-00C04F79EFBC}") = "ExportDrawingAsPdfPlugin", "AppBundles\ExportDrawingAsPdfPlugin\ExportDrawingAsPdfPlugin.csproj", "{96BECCEC-D943-46C7-ACD7-E8A5C6F0650D}"
EndProject
Project("{FAE04EC0-301F-11D3-BF4B-00C04F79EFBC}") = "ExtractParametersPlugin", "AppBundles\ExtractParametersPlugin\ExtractParametersPlugin.csproj", "{E08954AA-CC1F-4110-B629-8BDE855E7C31}"
EndProject
Project("{FAE04EC0-301F-11D3-BF4B-00C04F79EFBC}") = "PluginUtilities", "AppBundles\PluginUtilities\PluginUtilities.csproj", "{1B86189C-D714-4A83-B710-F669091C9C6C}"
EndProject
Project("{FAE04EC0-301F-11D3-BF4B-00C04F79EFBC}") = "RFAExportRCEPlugin", "AppBundles\RFAExportRCEPlugin\RFAExportRCEPlugin.csproj", "{F2814338-C426-4EC7-A29E-F29E849A2158}"
EndProject
Project("{FAE04EC0-301F-11D3-BF4B-00C04F79EFBC}") = "UpdateDrawingsPlugin", "AppBundles\UpdateDrawingsPlugin\UpdateDrawingsPlugin.csproj", "{BE07866C-4667-4819-BDFE-629DC36BF3CC}"
EndProject
Project("{FAE04EC0-301F-11D3-BF4B-00C04F79EFBC}") = "UpdateParametersPlugin", "AppBundles\UpdateParametersPlugin\UpdateParametersPlugin.csproj", "{89788BA0-BB78-4487-8A35-2547BF327D0C}"
EndProject
Global
	GlobalSection(SolutionConfigurationPlatforms) = preSolution
		Debug|Any CPU = Debug|Any CPU
		Release|Any CPU = Release|Any CPU
	EndGlobalSection
	GlobalSection(ProjectConfigurationPlatforms) = postSolution
		{13D82DC1-617C-4ACF-A483-B47600DE89B5}.Debug|Any CPU.ActiveCfg = Debug|Any CPU
		{13D82DC1-617C-4ACF-A483-B47600DE89B5}.Debug|Any CPU.Build.0 = Debug|Any CPU
		{13D82DC1-617C-4ACF-A483-B47600DE89B5}.Release|Any CPU.ActiveCfg = Release|Any CPU
		{13D82DC1-617C-4ACF-A483-B47600DE89B5}.Release|Any CPU.Build.0 = Release|Any CPU
		{3062CF0E-7C06-4693-827A-3CF0D9B917B5}.Debug|Any CPU.ActiveCfg = Debug|Any CPU
		{3062CF0E-7C06-4693-827A-3CF0D9B917B5}.Debug|Any CPU.Build.0 = Debug|Any CPU
		{3062CF0E-7C06-4693-827A-3CF0D9B917B5}.Release|Any CPU.ActiveCfg = Release|Any CPU
		{3062CF0E-7C06-4693-827A-3CF0D9B917B5}.Release|Any CPU.Build.0 = Release|Any CPU
		{B5611651-E1E1-482F-8C7E-21A11EFCAAC7}.Debug|Any CPU.ActiveCfg = Debug|Any CPU
		{B5611651-E1E1-482F-8C7E-21A11EFCAAC7}.Debug|Any CPU.Build.0 = Debug|Any CPU
		{B5611651-E1E1-482F-8C7E-21A11EFCAAC7}.Release|Any CPU.ActiveCfg = Release|Any CPU
		{B5611651-E1E1-482F-8C7E-21A11EFCAAC7}.Release|Any CPU.Build.0 = Release|Any CPU
		{252345E9-7631-43E9-BEF4-959037AC2A5E}.Debug|Any CPU.ActiveCfg = Debug|Any CPU
		{252345E9-7631-43E9-BEF4-959037AC2A5E}.Debug|Any CPU.Build.0 = Debug|Any CPU
		{252345E9-7631-43E9-BEF4-959037AC2A5E}.Release|Any CPU.ActiveCfg = Release|Any CPU
		{252345E9-7631-43E9-BEF4-959037AC2A5E}.Release|Any CPU.Build.0 = Release|Any CPU
		{EB3C5EA6-26EC-44D2-90B3-08929CE9D6DE}.Debug|Any CPU.ActiveCfg = Debug|Any CPU
		{EB3C5EA6-26EC-44D2-90B3-08929CE9D6DE}.Debug|Any CPU.Build.0 = Debug|Any CPU
		{EB3C5EA6-26EC-44D2-90B3-08929CE9D6DE}.Release|Any CPU.ActiveCfg = Release|Any CPU
		{EB3C5EA6-26EC-44D2-90B3-08929CE9D6DE}.Release|Any CPU.Build.0 = Release|Any CPU
		{6C4C70D3-66C1-408F-B332-D57F685B081C}.Debug|Any CPU.ActiveCfg = Debug|Any CPU
		{6C4C70D3-66C1-408F-B332-D57F685B081C}.Debug|Any CPU.Build.0 = Debug|Any CPU
		{6C4C70D3-66C1-408F-B332-D57F685B081C}.Release|Any CPU.ActiveCfg = Release|Any CPU
		{6C4C70D3-66C1-408F-B332-D57F685B081C}.Release|Any CPU.Build.0 = Release|Any CPU
		{44631F33-F8E1-44DC-90E7-4CBEA85DB2F6}.Debug|Any CPU.ActiveCfg = Debug|Any CPU
		{44631F33-F8E1-44DC-90E7-4CBEA85DB2F6}.Debug|Any CPU.Build.0 = Debug|Any CPU
		{44631F33-F8E1-44DC-90E7-4CBEA85DB2F6}.Release|Any CPU.ActiveCfg = Release|Any CPU
		{44631F33-F8E1-44DC-90E7-4CBEA85DB2F6}.Release|Any CPU.Build.0 = Release|Any CPU
		{96BECCEC-D943-46C7-ACD7-E8A5C6F0650D}.Debug|Any CPU.ActiveCfg = Debug|Any CPU
		{96BECCEC-D943-46C7-ACD7-E8A5C6F0650D}.Debug|Any CPU.Build.0 = Debug|Any CPU
		{96BECCEC-D943-46C7-ACD7-E8A5C6F0650D}.Release|Any CPU.ActiveCfg = Release|Any CPU
		{96BECCEC-D943-46C7-ACD7-E8A5C6F0650D}.Release|Any CPU.Build.0 = Release|Any CPU
		{E08954AA-CC1F-4110-B629-8BDE855E7C31}.Debug|Any CPU.ActiveCfg = Debug|Any CPU
		{E08954AA-CC1F-4110-B629-8BDE855E7C31}.Debug|Any CPU.Build.0 = Debug|Any CPU
		{E08954AA-CC1F-4110-B629-8BDE855E7C31}.Release|Any CPU.ActiveCfg = Release|Any CPU
		{E08954AA-CC1F-4110-B629-8BDE855E7C31}.Release|Any CPU.Build.0 = Release|Any CPU
		{1B86189C-D714-4A83-B710-F669091C9C6C}.Debug|Any CPU.ActiveCfg = Debug|Any CPU
		{1B86189C-D714-4A83-B710-F669091C9C6C}.Debug|Any CPU.Build.0 = Debug|Any CPU
		{1B86189C-D714-4A83-B710-F669091C9C6C}.Release|Any CPU.ActiveCfg = Release|Any CPU
		{1B86189C-D714-4A83-B710-F669091C9C6C}.Release|Any CPU.Build.0 = Release|Any CPU
		{F2814338-C426-4EC7-A29E-F29E849A2158}.Debug|Any CPU.ActiveCfg = Debug|Any CPU
		{F2814338-C426-4EC7-A29E-F29E849A2158}.Debug|Any CPU.Build.0 = Debug|Any CPU
		{F2814338-C426-4EC7-A29E-F29E849A2158}.Release|Any CPU.ActiveCfg = Release|Any CPU
		{F2814338-C426-4EC7-A29E-F29E849A2158}.Release|Any CPU.Build.0 = Release|Any CPU
		{BE07866C-4667-4819-BDFE-629DC36BF3CC}.Debug|Any CPU.ActiveCfg = Debug|Any CPU
		{BE07866C-4667-4819-BDFE-629DC36BF3CC}.Debug|Any CPU.Build.0 = Debug|Any CPU
		{BE07866C-4667-4819-BDFE-629DC36BF3CC}.Release|Any CPU.ActiveCfg = Release|Any CPU
		{BE07866C-4667-4819-BDFE-629DC36BF3CC}.Release|Any CPU.Build.0 = Release|Any CPU
		{89788BA0-BB78-4487-8A35-2547BF327D0C}.Debug|Any CPU.ActiveCfg = Debug|Any CPU
		{89788BA0-BB78-4487-8A35-2547BF327D0C}.Debug|Any CPU.Build.0 = Debug|Any CPU
		{89788BA0-BB78-4487-8A35-2547BF327D0C}.Release|Any CPU.ActiveCfg = Release|Any CPU
		{89788BA0-BB78-4487-8A35-2547BF327D0C}.Release|Any CPU.Build.0 = Release|Any CPU
	EndGlobalSection
	GlobalSection(SolutionProperties) = preSolution
		HideSolutionNode = FALSE
	EndGlobalSection
	GlobalSection(NestedProjects) = preSolution
		{B5611651-E1E1-482F-8C7E-21A11EFCAAC7} = {B22033E4-9CB2-46E5-A9B2-B99C1B4C0326}
		{252345E9-7631-43E9-BEF4-959037AC2A5E} = {B22033E4-9CB2-46E5-A9B2-B99C1B4C0326}
		{EB3C5EA6-26EC-44D2-90B3-08929CE9D6DE} = {B22033E4-9CB2-46E5-A9B2-B99C1B4C0326}
		{6C4C70D3-66C1-408F-B332-D57F685B081C} = {B22033E4-9CB2-46E5-A9B2-B99C1B4C0326}
		{44631F33-F8E1-44DC-90E7-4CBEA85DB2F6} = {B22033E4-9CB2-46E5-A9B2-B99C1B4C0326}
		{96BECCEC-D943-46C7-ACD7-E8A5C6F0650D} = {B22033E4-9CB2-46E5-A9B2-B99C1B4C0326}
		{E08954AA-CC1F-4110-B629-8BDE855E7C31} = {B22033E4-9CB2-46E5-A9B2-B99C1B4C0326}
		{1B86189C-D714-4A83-B710-F669091C9C6C} = {B22033E4-9CB2-46E5-A9B2-B99C1B4C0326}
		{F2814338-C426-4EC7-A29E-F29E849A2158} = {B22033E4-9CB2-46E5-A9B2-B99C1B4C0326}
		{BE07866C-4667-4819-BDFE-629DC36BF3CC} = {B22033E4-9CB2-46E5-A9B2-B99C1B4C0326}
		{89788BA0-BB78-4487-8A35-2547BF327D0C} = {B22033E4-9CB2-46E5-A9B2-B99C1B4C0326}
	EndGlobalSection
	GlobalSection(ExtensibilityGlobals) = postSolution
		SolutionGuid = {76B59420-4040-4D45-8BBA-448CAAD8CF43}
	EndGlobalSection
EndGlobal
