
Microsoft Visual Studio Solution File, Format Version 12.00
# Visual Studio Version 16
VisualStudioVersion = 16.0.29926.136
MinimumVisualStudioVersion = 10.0.40219.1
Project("{9A19103F-16F7-4668-BE54-9A1E7A4F7556}") = "WebApplication", "WebApplication\WebApplication.csproj", "{00A81FDF-EBB1-4872-988A-6BC19DF6F698}"
EndProject
Project("{2150E333-8FDC-42A3-9474-1A3956D46DE8}") = "AppBundles", "AppBundles", "{BE4037E8-BD5B-4F31-8F23-1FC907D31CEC}"
EndProject
Project("{FAE04EC0-301F-11D3-BF4B-00C04F79EFBC}") = "CreateThumbnailPlugin", "AppBundles\CreateThumbnailPlugin\CreateThumbnailPlugin.csproj", "{252345E9-7631-43E9-BEF4-959037AC2A5E}"
EndProject
Project("{FAE04EC0-301F-11D3-BF4B-00C04F79EFBC}") = "CreateSVFPlugin", "AppBundles\CreateSVFPlugin\CreateSVFPlugin.csproj", "{B5611651-E1E1-482F-8C7E-21A11EFCAAC7}"
EndProject
Project("{9A19103F-16F7-4668-BE54-9A1E7A4F7556}") = "WebApplication.Tests", "WebApplication.Tests\WebApplication.Tests.csproj", "{D3AFA729-DF26-4916-9B92-1C2E120A3A26}"
EndProject
Project("{FAE04EC0-301F-11D3-BF4B-00C04F79EFBC}") = "ExtractParametersPlugin", "AppBundles\ExtractParametersPlugin\ExtractParametersPlugin.csproj", "{E08954AA-CC1F-4110-B629-8BDE855E7C31}"
EndProject
Project("{FAE04EC0-301F-11D3-BF4B-00C04F79EFBC}") = "UpdateParametersPlugin", "AppBundles\UpdateParametersPlugin\UpdateParametersPlugin.csproj", "{89788BA0-BB78-4487-8A35-2547BF327D0C}"
EndProject
Project("{FAE04EC0-301F-11D3-BF4B-00C04F79EFBC}") = "EmptyExePlugin", "AppBundles\EmptyExePlugin\EmptyExePlugin.csproj", "{6C4C70D3-66C1-408F-B332-D57F685B081C}"
EndProject
Project("{FAE04EC0-301F-11D3-BF4B-00C04F79EFBC}") = "SatExportPlugin", "AppBundles\SatExportPlugin\SatExportPlugin.csproj", "{E9F0C353-8314-4EFE-8757-02E7D817729C}"
EndProject
Project("{FAE04EC0-301F-11D3-BF4B-00C04F79EFBC}") = "RFAExportPlugin", "AppBundles\RFAExportPlugin\RFAExportPlugin.csproj", "{23CECA7F-2FB1-4783-BEAB-3549885D89D7}"
EndProject
Project("{2150E333-8FDC-42A3-9474-1A3956D46DE8}") = "Shared", "Shared", "{4AB64238-3EE2-415C-8602-40C809B9DBCA}"
	ProjectSection(SolutionItems) = preProject
		Shared\ExtractedBOM.cs = Shared\ExtractedBOM.cs
		Shared\InventorParameters.cs = Shared\InventorParameters.cs
		Shared\SharedAssemblyInfo.cs = Shared\SharedAssemblyInfo.cs
	EndProjectSection
EndProject
Project("{FAE04EC0-301F-11D3-BF4B-00C04F79EFBC}") = "ExportBOMPlugin", "AppBundles\ExportBOMPlugin\ExportBOMPlugin.csproj", "{44631F33-F8E1-44DC-90E7-4CBEA85DB2F6}"
EndProject
Project("{FAE04EC0-301F-11D3-BF4B-00C04F79EFBC}") = "UpdateDrawingsPlugin", "AppBundles\UpdateDrawingsPlugin\UpdateDrawingsPlugin.csproj", "{BE07866C-4667-4819-BDFE-629DC36BF3CC}"
EndProject
Project("{FAE04EC0-301F-11D3-BF4B-00C04F79EFBC}") = "ExportDrawingAsPdfPlugin", "Appbundles\ExportDrawingAsPdfPlugin\ExportDrawingAsPdfPlugin.csproj", "{96BECCEC-D943-46C7-ACD7-E8A5C6F0650D}"
EndProject
Global
	GlobalSection(SolutionConfigurationPlatforms) = preSolution
		Debug|Any CPU = Debug|Any CPU
		Release|Any CPU = Release|Any CPU
	EndGlobalSection
	GlobalSection(ProjectConfigurationPlatforms) = postSolution
		{00A81FDF-EBB1-4872-988A-6BC19DF6F698}.Debug|Any CPU.ActiveCfg = Debug|Any CPU
		{00A81FDF-EBB1-4872-988A-6BC19DF6F698}.Debug|Any CPU.Build.0 = Debug|Any CPU
		{00A81FDF-EBB1-4872-988A-6BC19DF6F698}.Release|Any CPU.ActiveCfg = Release|Any CPU
		{00A81FDF-EBB1-4872-988A-6BC19DF6F698}.Release|Any CPU.Build.0 = Release|Any CPU
		{252345E9-7631-43E9-BEF4-959037AC2A5E}.Debug|Any CPU.ActiveCfg = Debug|Any CPU
		{252345E9-7631-43E9-BEF4-959037AC2A5E}.Debug|Any CPU.Build.0 = Debug|Any CPU
		{252345E9-7631-43E9-BEF4-959037AC2A5E}.Release|Any CPU.ActiveCfg = Debug|Any CPU
		{252345E9-7631-43E9-BEF4-959037AC2A5E}.Release|Any CPU.Build.0 = Debug|Any CPU
		{B5611651-E1E1-482F-8C7E-21A11EFCAAC7}.Debug|Any CPU.ActiveCfg = Debug|Any CPU
		{B5611651-E1E1-482F-8C7E-21A11EFCAAC7}.Debug|Any CPU.Build.0 = Debug|Any CPU
		{B5611651-E1E1-482F-8C7E-21A11EFCAAC7}.Release|Any CPU.ActiveCfg = Release|Any CPU
		{B5611651-E1E1-482F-8C7E-21A11EFCAAC7}.Release|Any CPU.Build.0 = Release|Any CPU
		{D3AFA729-DF26-4916-9B92-1C2E120A3A26}.Debug|Any CPU.ActiveCfg = Debug|Any CPU
		{D3AFA729-DF26-4916-9B92-1C2E120A3A26}.Debug|Any CPU.Build.0 = Debug|Any CPU
		{D3AFA729-DF26-4916-9B92-1C2E120A3A26}.Release|Any CPU.ActiveCfg = Release|Any CPU
		{D3AFA729-DF26-4916-9B92-1C2E120A3A26}.Release|Any CPU.Build.0 = Release|Any CPU
		{E08954AA-CC1F-4110-B629-8BDE855E7C31}.Debug|Any CPU.ActiveCfg = Debug|Any CPU
		{E08954AA-CC1F-4110-B629-8BDE855E7C31}.Debug|Any CPU.Build.0 = Debug|Any CPU
		{E08954AA-CC1F-4110-B629-8BDE855E7C31}.Release|Any CPU.ActiveCfg = Debug|Any CPU
		{E08954AA-CC1F-4110-B629-8BDE855E7C31}.Release|Any CPU.Build.0 = Debug|Any CPU
		{89788BA0-BB78-4487-8A35-2547BF327D0C}.Debug|Any CPU.ActiveCfg = Debug|Any CPU
		{89788BA0-BB78-4487-8A35-2547BF327D0C}.Debug|Any CPU.Build.0 = Debug|Any CPU
		{89788BA0-BB78-4487-8A35-2547BF327D0C}.Release|Any CPU.ActiveCfg = Release|Any CPU
		{89788BA0-BB78-4487-8A35-2547BF327D0C}.Release|Any CPU.Build.0 = Release|Any CPU
		{6C4C70D3-66C1-408F-B332-D57F685B081C}.Debug|Any CPU.ActiveCfg = Debug|Any CPU
		{6C4C70D3-66C1-408F-B332-D57F685B081C}.Debug|Any CPU.Build.0 = Debug|Any CPU
		{6C4C70D3-66C1-408F-B332-D57F685B081C}.Release|Any CPU.ActiveCfg = Release|Any CPU
		{6C4C70D3-66C1-408F-B332-D57F685B081C}.Release|Any CPU.Build.0 = Release|Any CPU
		{E9F0C353-8314-4EFE-8757-02E7D817729C}.Debug|Any CPU.ActiveCfg = Debug|Any CPU
		{E9F0C353-8314-4EFE-8757-02E7D817729C}.Debug|Any CPU.Build.0 = Debug|Any CPU
		{E9F0C353-8314-4EFE-8757-02E7D817729C}.Release|Any CPU.ActiveCfg = Release|Any CPU
		{E9F0C353-8314-4EFE-8757-02E7D817729C}.Release|Any CPU.Build.0 = Release|Any CPU
		{23CECA7F-2FB1-4783-BEAB-3549885D89D7}.Debug|Any CPU.ActiveCfg = Debug|Any CPU
		{23CECA7F-2FB1-4783-BEAB-3549885D89D7}.Debug|Any CPU.Build.0 = Debug|Any CPU
		{23CECA7F-2FB1-4783-BEAB-3549885D89D7}.Release|Any CPU.ActiveCfg = Release|Any CPU
		{23CECA7F-2FB1-4783-BEAB-3549885D89D7}.Release|Any CPU.Build.0 = Release|Any CPU
		{44631F33-F8E1-44DC-90E7-4CBEA85DB2F6}.Debug|Any CPU.ActiveCfg = Debug|Any CPU
		{44631F33-F8E1-44DC-90E7-4CBEA85DB2F6}.Debug|Any CPU.Build.0 = Debug|Any CPU
		{44631F33-F8E1-44DC-90E7-4CBEA85DB2F6}.Release|Any CPU.ActiveCfg = Release|Any CPU
		{44631F33-F8E1-44DC-90E7-4CBEA85DB2F6}.Release|Any CPU.Build.0 = Release|Any CPU
		{BE07866C-4667-4819-BDFE-629DC36BF3CC}.Debug|Any CPU.ActiveCfg = Debug|Any CPU
		{BE07866C-4667-4819-BDFE-629DC36BF3CC}.Debug|Any CPU.Build.0 = Debug|Any CPU
		{BE07866C-4667-4819-BDFE-629DC36BF3CC}.Release|Any CPU.ActiveCfg = Release|Any CPU
		{BE07866C-4667-4819-BDFE-629DC36BF3CC}.Release|Any CPU.Build.0 = Release|Any CPU
		{96BECCEC-D943-46C7-ACD7-E8A5C6F0650D}.Debug|Any CPU.ActiveCfg = Debug|Any CPU
		{96BECCEC-D943-46C7-ACD7-E8A5C6F0650D}.Debug|Any CPU.Build.0 = Debug|Any CPU
		{96BECCEC-D943-46C7-ACD7-E8A5C6F0650D}.Release|Any CPU.ActiveCfg = Release|Any CPU
		{96BECCEC-D943-46C7-ACD7-E8A5C6F0650D}.Release|Any CPU.Build.0 = Release|Any CPU
	EndGlobalSection
	GlobalSection(SolutionProperties) = preSolution
		HideSolutionNode = FALSE
	EndGlobalSection
	GlobalSection(NestedProjects) = preSolution
		{252345E9-7631-43E9-BEF4-959037AC2A5E} = {BE4037E8-BD5B-4F31-8F23-1FC907D31CEC}
		{B5611651-E1E1-482F-8C7E-21A11EFCAAC7} = {BE4037E8-BD5B-4F31-8F23-1FC907D31CEC}
		{E08954AA-CC1F-4110-B629-8BDE855E7C31} = {BE4037E8-BD5B-4F31-8F23-1FC907D31CEC}
		{89788BA0-BB78-4487-8A35-2547BF327D0C} = {BE4037E8-BD5B-4F31-8F23-1FC907D31CEC}
		{6C4C70D3-66C1-408F-B332-D57F685B081C} = {BE4037E8-BD5B-4F31-8F23-1FC907D31CEC}
		{E9F0C353-8314-4EFE-8757-02E7D817729C} = {BE4037E8-BD5B-4F31-8F23-1FC907D31CEC}
		{23CECA7F-2FB1-4783-BEAB-3549885D89D7} = {BE4037E8-BD5B-4F31-8F23-1FC907D31CEC}
		{44631F33-F8E1-44DC-90E7-4CBEA85DB2F6} = {BE4037E8-BD5B-4F31-8F23-1FC907D31CEC}
		{BE07866C-4667-4819-BDFE-629DC36BF3CC} = {BE4037E8-BD5B-4F31-8F23-1FC907D31CEC}
		{96BECCEC-D943-46C7-ACD7-E8A5C6F0650D} = {BE4037E8-BD5B-4F31-8F23-1FC907D31CEC}
	EndGlobalSection
	GlobalSection(ExtensibilityGlobals) = postSolution
		SolutionGuid = {CFF460A7-ACD6-4D4D-BC60-953D66925F4E}
	EndGlobalSection
EndGlobal
