{
  "requires": true,
  "lockfileVersion": 1,
  "dependencies": {
    "@jest/types": {
      "version": "25.2.6",
      "resolved": "https://art-bobcat.autodesk.com:443/artifactory/api/npm/autodesk-npm-virtual/@jest/types/-/types-25.2.6.tgz",
      "integrity": "sha1-wS9Er5vtREQ4CR5LWeftBfhlnLY=",
      "requires": {
        "@types/istanbul-lib-coverage": "^2.0.0",
        "@types/istanbul-reports": "^1.1.1",
        "@types/yargs": "^15.0.0",
        "chalk": "^3.0.0"
      }
    },
    "@types/color-name": {
      "version": "1.1.1",
      "resolved": "https://art-bobcat.autodesk.com:443/artifactory/api/npm/autodesk-npm-virtual/@types/color-name/-/color-name-1.1.1.tgz",
      "integrity": "sha1-HBJhu+qhCoBVu8XYq4S3sq/IRqA="
    },
    "@types/istanbul-lib-coverage": {
      "version": "2.0.1",
      "resolved": "https://art-bobcat.autodesk.com:443/artifactory/api/npm/autodesk-npm-virtual/@types/istanbul-lib-coverage/-/istanbul-lib-coverage-2.0.1.tgz",
      "integrity": "sha1-QplbRG25pIoRoH7Ag0mahg6ROP8="
    },
    "@types/istanbul-lib-report": {
      "version": "3.0.0",
      "resolved": "https://art-bobcat.autodesk.com:443/artifactory/api/npm/autodesk-npm-virtual/@types/istanbul-lib-report/-/istanbul-lib-report-3.0.0.tgz",
      "integrity": "sha1-wUwk8Y6oGQwRjudWK3/5mjZVJoY=",
      "requires": {
        "@types/istanbul-lib-coverage": "*"
      }
    },
    "@types/istanbul-reports": {
      "version": "1.1.1",
      "resolved": "https://art-bobcat.autodesk.com:443/artifactory/api/npm/autodesk-npm-virtual/@types/istanbul-reports/-/istanbul-reports-1.1.1.tgz",
      "integrity": "sha1-eoy/akBvNsit2HFiWyeOrwsNJVo=",
      "requires": {
        "@types/istanbul-lib-coverage": "*",
        "@types/istanbul-lib-report": "*"
      }
    },
    "@types/jest": {
      "version": "25.2.1",
      "resolved": "https://art-bobcat.autodesk.com:443/artifactory/api/npm/autodesk-npm-virtual/@types/jest/-/jest-25.2.1.tgz",
      "integrity": "sha1-lUTNQ4YHlVOBwb29uXdnokkpfbU=",
      "requires": {
        "jest-diff": "^25.2.1",
        "pretty-format": "^25.2.1"
      }
    },
    "@types/yargs": {
      "version": "15.0.4",
      "resolved": "https://art-bobcat.autodesk.com:443/artifactory/api/npm/autodesk-npm-virtual/@types/yargs/-/yargs-15.0.4.tgz",
      "integrity": "sha1-fl0PjKJenVhJ8upEPPfEAt7Ngpk=",
      "requires": {
        "@types/yargs-parser": "*"
      }
    },
    "@types/yargs-parser": {
      "version": "15.0.0",
      "resolved": "https://art-bobcat.autodesk.com:443/artifactory/api/npm/autodesk-npm-virtual/@types/yargs-parser/-/yargs-parser-15.0.0.tgz",
      "integrity": "sha1-yz+fdBhp4gzOMw/765JxWQSDiC0="
    },
    "ansi-regex": {
      "version": "5.0.0",
      "resolved": "https://art-bobcat.autodesk.com:443/artifactory/api/npm/autodesk-npm-virtual/ansi-regex/-/ansi-regex-5.0.0.tgz",
      "integrity": "sha1-OIU59VF5vzkznIGvMKZU1p+Hy3U="
    },
    "ansi-styles": {
      "version": "4.2.1",
      "resolved": "https://art-bobcat.autodesk.com:443/artifactory/api/npm/autodesk-npm-virtual/ansi-styles/-/ansi-styles-4.2.1.tgz",
      "integrity": "sha1-kK51xCTQCNJiTFvynq0xd+v881k=",
      "requires": {
        "@types/color-name": "^1.1.1",
        "color-convert": "^2.0.1"
      }
    },
    "chalk": {
      "version": "3.0.0",
      "resolved": "https://art-bobcat.autodesk.com:443/artifactory/api/npm/autodesk-npm-virtual/chalk/-/chalk-3.0.0.tgz",
      "integrity": "sha1-P3PCv1JlkfV0zEksUeJFY0n4ROQ=",
      "requires": {
        "ansi-styles": "^4.1.0",
        "supports-color": "^7.1.0"
      }
    },
    "color-convert": {
      "version": "2.0.1",
      "resolved": "https://art-bobcat.autodesk.com:443/artifactory/api/npm/autodesk-npm-virtual/color-convert/-/color-convert-2.0.1.tgz",
      "integrity": "sha1-ctOmjVmMm9s68q0ehPIdiWq9TeM=",
      "requires": {
        "color-name": "~1.1.4"
      }
    },
    "color-name": {
      "version": "1.1.4",
      "resolved": "https://art-bobcat.autodesk.com:443/artifactory/api/npm/autodesk-npm-virtual/color-name/-/color-name-1.1.4.tgz",
      "integrity": "sha1-wqCah6y95pVD3m9j+jmVyCbFNqI="
    },
    "diff-sequences": {
      "version": "25.2.6",
      "resolved": "https://art-bobcat.autodesk.com:443/artifactory/api/npm/autodesk-npm-virtual/diff-sequences/-/diff-sequences-25.2.6.tgz",
      "integrity": "sha1-X0Z8AO3TU1K3vKRteSfWDmh6dt0="
    },
    "has-flag": {
      "version": "4.0.0",
      "resolved": "https://art-bobcat.autodesk.com:443/artifactory/api/npm/autodesk-npm-virtual/has-flag/-/has-flag-4.0.0.tgz",
      "integrity": "sha1-lEdx/ZyByBJlxNaUGGDaBrtZR5s="
    },
    "jest-diff": {
      "version": "25.2.6",
      "resolved": "https://art-bobcat.autodesk.com:443/artifactory/api/npm/autodesk-npm-virtual/jest-diff/-/jest-diff-25.2.6.tgz",
      "integrity": "sha1-ptcKmrdFB3FeoQkqxRPRq4HBtec=",
      "requires": {
        "chalk": "^3.0.0",
        "diff-sequences": "^25.2.6",
        "jest-get-type": "^25.2.6",
        "pretty-format": "^25.2.6"
      }
    },
    "jest-get-type": {
      "version": "25.2.6",
      "resolved": "https://art-bobcat.autodesk.com:443/artifactory/api/npm/autodesk-npm-virtual/jest-get-type/-/jest-get-type-25.2.6.tgz",
      "integrity": "sha1-Cwoy+riQi0TVCL6BaBSH26u42Hc="
    },
    "pretty-format": {
      "version": "25.2.6",
      "resolved": "https://art-bobcat.autodesk.com:443/artifactory/api/npm/autodesk-npm-virtual/pretty-format/-/pretty-format-25.2.6.tgz",
      "integrity": "sha1-VCocQY0Bm78cyi42IEQ7wTI8uNc=",
      "requires": {
        "@jest/types": "^25.2.6",
        "ansi-regex": "^5.0.0",
        "ansi-styles": "^4.0.0",
        "react-is": "^16.12.0"
      }
    },
    "react-is": {
      "version": "16.13.1",
      "resolved": "https://art-bobcat.autodesk.com:443/artifactory/api/npm/autodesk-npm-virtual/react-is/-/react-is-16.13.1.tgz",
      "integrity": "sha1-eJcppNw23imZ3BVt1sHZwYzqVqQ="
    },
    "supports-color": {
      "version": "7.1.0",
      "resolved": "https://art-bobcat.autodesk.com:443/artifactory/api/npm/autodesk-npm-virtual/supports-color/-/supports-color-7.1.0.tgz",
      "integrity": "sha1-aOMlkd9z4lrRxLSRCKLsUHliv9E=",
      "requires": {
        "has-flag": "^4.0.0"
      }
    }
  }
}
